<Solution>
  <Folder Name="/samples/">
    <Project Path="samples/Pinknose.Memgraph.Orb.Razor.SampleHost/Pinknose.Memgraph.Orb.Razor.SampleHost.csproj" />
    <Project Path="samples/Pinknose.Memgraph.Orb.Razor.SampleHost.Client/Pinknose.Memgraph.Orb.Razor.SampleHost.Client.csproj" />
  </Folder>
  <Folder Name="/tests/">
    <Project Path="tests/Pinknose.Memgraph.Orb.Razor.BrowserTests/Pinknose.Memgraph.Orb.Razor.BrowserTests.csproj" />
    <Project Path="tests/Pinknose.Memgraph.Orb.Razor.Tests/Pinknose.Memgraph.Orb.Razor.Tests.csproj" />
  </Folder>
  <Project Path="Pinknose.Memgraph.Orb.Razor/Pinknose.Memgraph.Orb.Razor.csproj" />
</Solution>
